
Microsoft Visual Studio Solution File, Format Version 12.00
# Visual Studio Version 17
VisualStudioVersion = 17.14.36518.9 d17.14
MinimumVisualStudioVersion = 10.0.40219.1
Project("{FAE04EC0-301F-11D3-BF4B-00C04F79EFBC}") = "PDV_CAIXA", "PDV_CAIXA\PDV_CAIXA.csproj", "{9F927746-A4EA-407D-BB87-EA1B8284F1C3}"
EndProject
Global
	GlobalSection(SolutionConfigurationPlatforms) = preSolution
		Debug|Any CPU = Debug|Any CPU
		Release|Any CPU = Release|Any CPU
	EndGlobalSection
	GlobalSection(ProjectConfigurationPlatforms) = postSolution
		{9F927746-A4EA-407D-BB87-EA1B8284F1C3}.Debug|Any CPU.ActiveCfg = Debug|Any CPU
		{9F927746-A4EA-407D-BB87-EA1B8284F1C3}.Debug|Any CPU.Build.0 = Debug|Any CPU
		{9F927746-A4EA-407D-BB87-EA1B8284F1C3}.Release|Any CPU.ActiveCfg = Release|Any CPU
		{9F927746-A4EA-407D-BB87-EA1B8284F1C3}.Release|Any CPU.Build.0 = Release|Any CPU
	EndGlobalSection
	GlobalSection(SolutionProperties) = preSolution
		HideSolutionNode = FALSE
	EndGlobalSection
	GlobalSection(ExtensibilityGlobals) = postSolution
		SolutionGuid = {0BF9A44A-FB0E-48F0-B8DE-6C252F8B3207}
	EndGlobalSection
EndGlobal
